
Microsoft Visual Studio Solution File, Format Version 12.00
# Visual Studio Version 17
VisualStudioVersion = 17.10.35027.167
MinimumVisualStudioVersion = 10.0.40219.1
Project("{FAE04EC0-301F-11D3-BF4B-00C04F79EFBC}") = "CSharp_Ejercicio5", "CSharp_Ejercicio5\CSharp_Ejercicio5.csproj", "{4294DDC7-F23A-4541-8F0F-041536FB537E}"
EndProject
Global
	GlobalSection(SolutionConfigurationPlatforms) = preSolution
		Debug|Any CPU = Debug|Any CPU
		Release|Any CPU = Release|Any CPU
	EndGlobalSection
	GlobalSection(ProjectConfigurationPlatforms) = postSolution
		{4294DDC7-F23A-4541-8F0F-041536FB537E}.Debug|Any CPU.ActiveCfg = Debug|Any CPU
		{4294DDC7-F23A-4541-8F0F-041536FB537E}.Debug|Any CPU.Build.0 = Debug|Any CPU
		{4294DDC7-F23A-4541-8F0F-041536FB537E}.Release|Any CPU.ActiveCfg = Release|Any CPU
		{4294DDC7-F23A-4541-8F0F-041536FB537E}.Release|Any CPU.Build.0 = Release|Any CPU
	EndGlobalSection
	GlobalSection(SolutionProperties) = preSolution
		HideSolutionNode = FALSE
	EndGlobalSection
	GlobalSection(ExtensibilityGlobals) = postSolution
		SolutionGuid = {641876C4-908B-4970-9EEC-C82F59B5CED8}
	EndGlobalSection
EndGlobal
